// !$*UTF8*$!
{
	archiveVersion = 1;
	classes = {
	};
	objectVersion = 46;
	objects = {

/* Begin PBXFileReference section */
		E41A76421D15D60D007EAC15 /* icon */ = {isa = PBXFileReference; lastKnownFileType = folder; path = icon; sourceTree = "<group>"; };
		E41A76431D15D60D007EAC15 /* main.js */ = {isa = PBXFileReference; lastKnownFileType = sourcecode.javascript; path = main.js; sourceTree = "<group>"; };
		E41A76441D15D60D007EAC15 /* package.json */ = {isa = PBXFileReference; lastKnownFileType = text.json; path = package.json; sourceTree = "<group>"; };
		E488D8361D26223D00008B64 /* flow-view.css */ = {isa = PBXFileReference; lastKnownFileType = text.css; name = "flow-view.css"; path = "panel/flow-view.css"; sourceTree = "<group>"; };
		E488D8371D26223D00008B64 /* flow-view.html */ = {isa = PBXFileReference; lastKnownFileType = text.html; name = "flow-view.html"; path = "panel/flow-view.html"; sourceTree = "<group>"; };
		E488D8381D26223D00008B64 /* flow-view.js */ = {isa = PBXFileReference; lastKnownFileType = sourcecode.javascript; name = "flow-view.js"; path = "panel/flow-view.js"; sourceTree = "<group>"; };
		E488D8391D26223D00008B64 /* flow.css */ = {isa = PBXFileReference; lastKnownFileType = text.css; name = flow.css; path = panel/flow.css; sourceTree = "<group>"; };
		E488D83A1D26223D00008B64 /* flow.html */ = {isa = PBXFileReference; lastKnownFileType = text.html; name = flow.html; path = panel/flow.html; sourceTree = "<group>"; };
		E488D83B1D26223D00008B64 /* flow.js */ = {isa = PBXFileReference; lastKnownFileType = sourcecode.javascript; name = flow.js; path = panel/flow.js; sourceTree = "<group>"; };
		E488D83C1D26223D00008B64 /* icon.png */ = {isa = PBXFileReference; lastKnownFileType = image.png; name = icon.png; path = panel/icon.png; sourceTree = "<group>"; };
		E488D83E1D26225900008B64 /* flow-examples.js */ = {isa = PBXFileReference; lastKnownFileType = sourcecode.javascript; name = "flow-examples.js"; path = "panel/flow-graph/flow-examples.js"; sourceTree = "<group>"; };
		E488D83F1D26225900008B64 /* flow-graph.css */ = {isa = PBXFileReference; lastKnownFileType = text.css; name = "flow-graph.css"; path = "panel/flow-graph/flow-graph.css"; sourceTree = "<group>"; };
		E488D8401D26225900008B64 /* flow-graph.html */ = {isa = PBXFileReference; lastKnownFileType = text.html; name = "flow-graph.html"; path = "panel/flow-graph/flow-graph.html"; sourceTree = "<group>"; };
		E488D8411D26225900008B64 /* flow-graph.js */ = {isa = PBXFileReference; lastKnownFileType = sourcecode.javascript; name = "flow-graph.js"; path = "panel/flow-graph/flow-graph.js"; sourceTree = "<group>"; };
		E488D8421D26225900008B64 /* flow-node.js */ = {isa = PBXFileReference; lastKnownFileType = sourcecode.javascript; name = "flow-node.js"; path = "panel/flow-graph/flow-node.js"; sourceTree = "<group>"; };
		E488D8431D26225900008B64 /* flow-types.js */ = {isa = PBXFileReference; lastKnownFileType = sourcecode.javascript; name = "flow-types.js"; path = "panel/flow-graph/flow-types.js"; sourceTree = "<group>"; };
		E488D8441D26225900008B64 /* flow-ui.js */ = {isa = PBXFileReference; lastKnownFileType = sourcecode.javascript; name = "flow-ui.js"; path = "panel/flow-graph/flow-ui.js"; sourceTree = "<group>"; };
		E488D8451D26225900008B64 /* flow-widget.js */ = {isa = PBXFileReference; lastKnownFileType = sourcecode.javascript; name = "flow-widget.js"; path = "panel/flow-graph/flow-widget.js"; sourceTree = "<group>"; };
		E488D8461D26225900008B64 /* flow-wire.js */ = {isa = PBXFileReference; lastKnownFileType = sourcecode.javascript; name = "flow-wire.js"; path = "panel/flow-graph/flow-wire.js"; sourceTree = "<group>"; };
		E492EA6A1D2394BB00C72D34 /* widget */ = {isa = PBXFileReference; lastKnownFileType = folder; path = widget; sourceTree = "<group>"; };
/* End PBXFileReference section */

/* Begin PBXGroup section */
		E457C6831CEB9D6D00BFBE0D = {
			isa = PBXGroup;
			children = (
				E488D8351D26223000008B64 /* panel */,
				E41A76421D15D60D007EAC15 /* icon */,
				E492EA6A1D2394BB00C72D34 /* widget */,
				E41A76431D15D60D007EAC15 /* main.js */,
				E41A76441D15D60D007EAC15 /* package.json */,
			);
			sourceTree = "<group>";
		};
		E488D8351D26223000008B64 /* panel */ = {
			isa = PBXGroup;
			children = (
				E488D83D1D26224200008B64 /* flow-graph */,
				E488D8361D26223D00008B64 /* flow-view.css */,
				E488D8371D26223D00008B64 /* flow-view.html */,
				E488D8381D26223D00008B64 /* flow-view.js */,
				E488D8391D26223D00008B64 /* flow.css */,
				E488D83A1D26223D00008B64 /* flow.html */,
				E488D83B1D26223D00008B64 /* flow.js */,
				E488D83C1D26223D00008B64 /* icon.png */,
			);
			name = panel;
			sourceTree = "<group>";
		};
		E488D83D1D26224200008B64 /* flow-graph */ = {
			isa = PBXGroup;
			children = (
				E488D83E1D26225900008B64 /* flow-examples.js */,
				E488D83F1D26225900008B64 /* flow-graph.css */,
				E488D8401D26225900008B64 /* flow-graph.html */,
				E488D8411D26225900008B64 /* flow-graph.js */,
				E488D8421D26225900008B64 /* flow-node.js */,
				E488D8431D26225900008B64 /* flow-types.js */,
				E488D8441D26225900008B64 /* flow-ui.js */,
				E488D8451D26225900008B64 /* flow-widget.js */,
				E488D8461D26225900008B64 /* flow-wire.js */,
			);
			name = "flow-graph";
			sourceTree = "<group>";
		};
/* End PBXGroup section */

/* Begin PBXLegacyTarget section */
		E457C6971CEB9E0E00BFBE0D /* flow */ = {
			isa = PBXLegacyTarget;
			buildArgumentsString = build;
			buildConfigurationList = E457C6981CEB9E0E00BFBE0D /* Build configuration list for PBXLegacyTarget "flow" */;
			buildPhases = (
			);
			buildToolPath = npm;
			buildWorkingDirectory = "$(SRCROOT)";
			dependencies = (
			);
			name = flow;
			passBuildSettingsInEnvironment = 0;
			productName = Demo;
		};
/* End PBXLegacyTarget section */

/* Begin PBXProject section */
		E457C6841CEB9D6D00BFBE0D /* Project object */ = {
			isa = PBXProject;
			attributes = {
				LastUpgradeCheck = 0730;
				TargetAttributes = {
					E457C6971CEB9E0E00BFBE0D = {
						CreatedOnToolsVersion = 7.3;
					};
				};
			};
			buildConfigurationList = E457C6871CEB9D6D00BFBE0D /* Build configuration list for PBXProject "flow" */;
			compatibilityVersion = "Xcode 3.2";
			developmentRegion = English;
			hasScannedForEncodings = 0;
			knownRegions = (
				en,
			);
			mainGroup = E457C6831CEB9D6D00BFBE0D;
			projectDirPath = "";
			projectRoot = "";
			targets = (
				E457C6971CEB9E0E00BFBE0D /* flow */,
			);
		};
/* End PBXProject section */

/* Begin XCBuildConfiguration section */
		E457C6881CEB9D6D00BFBE0D /* Debug */ = {
			isa = XCBuildConfiguration;
			buildSettings = {
			};
			name = Debug;
		};
		E457C6891CEB9D6D00BFBE0D /* Release */ = {
			isa = XCBuildConfiguration;
			buildSettings = {
			};
			name = Release;
		};
		E457C6991CEB9E0E00BFBE0D /* Debug */ = {
			isa = XCBuildConfiguration;
			buildSettings = {
				ALWAYS_SEARCH_USER_PATHS = NO;
				CLANG_ANALYZER_NONNULL = YES;
				CLANG_CXX_LANGUAGE_STANDARD = "gnu++0x";
				CLANG_CXX_LIBRARY = "libc++";
				CLANG_ENABLE_MODULES = YES;
				CLANG_ENABLE_OBJC_ARC = YES;
				CLANG_WARN_BOOL_CONVERSION = YES;
				CLANG_WARN_CONSTANT_CONVERSION = YES;
				CLANG_WARN_DIRECT_OBJC_ISA_USAGE = YES_ERROR;
				CLANG_WARN_EMPTY_BODY = YES;
				CLANG_WARN_ENUM_CONVERSION = YES;
				CLANG_WARN_INT_CONVERSION = YES;
				CLANG_WARN_OBJC_ROOT_CLASS = YES_ERROR;
				CLANG_WARN_UNREACHABLE_CODE = YES;
				CLANG_WARN__DUPLICATE_METHOD_MATCH = YES;
				COPY_PHASE_STRIP = NO;
				DEBUGGING_SYMBOLS = YES;
				DEBUG_INFORMATION_FORMAT = dwarf;
				ENABLE_STRICT_OBJC_MSGSEND = YES;
				ENABLE_TESTABILITY = YES;
				GCC_C_LANGUAGE_STANDARD = gnu99;
				GCC_DYNAMIC_NO_PIC = NO;
				GCC_GENERATE_DEBUGGING_SYMBOLS = YES;
				GCC_NO_COMMON_BLOCKS = YES;
				GCC_OPTIMIZATION_LEVEL = 0;
				GCC_PREPROCESSOR_DEFINITIONS = (
					"DEBUG=1",
					"$(inherited)",
				);
				GCC_WARN_64_TO_32_BIT_CONVERSION = YES;
				GCC_WARN_ABOUT_RETURN_TYPE = YES_ERROR;
				GCC_WARN_UNDECLARED_SELECTOR = YES;
				GCC_WARN_UNINITIALIZED_AUTOS = YES_AGGRESSIVE;
				GCC_WARN_UNUSED_FUNCTION = YES;
				GCC_WARN_UNUSED_VARIABLE = YES;
				MTL_ENABLE_DEBUG_INFO = YES;
				ONLY_ACTIVE_ARCH = YES;
				OTHER_CFLAGS = "";
				OTHER_LDFLAGS = "";
				PRODUCT_NAME = "$(TARGET_NAME)";
			};
			name = Debug;
		};
		E457C69A1CEB9E0E00BFBE0D /* Release */ = {
			isa = XCBuildConfiguration;
			buildSettings = {
				ALWAYS_SEARCH_USER_PATHS = NO;
				CLANG_ANALYZER_NONNULL = YES;
				CLANG_CXX_LANGUAGE_STANDARD = "gnu++0x";
				CLANG_CXX_LIBRARY = "libc++";
				CLANG_ENABLE_MODULES = YES;
				CLANG_ENABLE_OBJC_ARC = YES;
				CLANG_WARN_BOOL_CONVERSION = YES;
				CLANG_WARN_CONSTANT_CONVERSION = YES;
				CLANG_WARN_DIRECT_OBJC_ISA_USAGE = YES_ERROR;
				CLANG_WARN_EMPTY_BODY = YES;
				CLANG_WARN_ENUM_CONVERSION = YES;
				CLANG_WARN_INT_CONVERSION = YES;
				CLANG_WARN_OBJC_ROOT_CLASS = YES_ERROR;
				CLANG_WARN_UNREACHABLE_CODE = YES;
				CLANG_WARN__DUPLICATE_METHOD_MATCH = YES;
				COPY_PHASE_STRIP = NO;
				DEBUG_INFORMATION_FORMAT = "dwarf-with-dsym";
				ENABLE_NS_ASSERTIONS = NO;
				ENABLE_STRICT_OBJC_MSGSEND = YES;
				GCC_C_LANGUAGE_STANDARD = gnu99;
				GCC_NO_COMMON_BLOCKS = YES;
				GCC_WARN_64_TO_32_BIT_CONVERSION = YES;
				GCC_WARN_ABOUT_RETURN_TYPE = YES_ERROR;
				GCC_WARN_UNDECLARED_SELECTOR = YES;
				GCC_WARN_UNINITIALIZED_AUTOS = YES_AGGRESSIVE;
				GCC_WARN_UNUSED_FUNCTION = YES;
				GCC_WARN_UNUSED_VARIABLE = YES;
				MTL_ENABLE_DEBUG_INFO = NO;
				OTHER_CFLAGS = "";
				OTHER_LDFLAGS = "";
				PRODUCT_NAME = "$(TARGET_NAME)";
			};
			name = Release;
		};
/* End XCBuildConfiguration section */

/* Begin XCConfigurationList section */
		E457C6871CEB9D6D00BFBE0D /* Build configuration list for PBXProject "flow" */ = {
			isa = XCConfigurationList;
			buildConfigurations = (
				E457C6881CEB9D6D00BFBE0D /* Debug */,
				E457C6891CEB9D6D00BFBE0D /* Release */,
			);
			defaultConfigurationIsVisible = 0;
			defaultConfigurationName = Release;
		};
		E457C6981CEB9E0E00BFBE0D /* Build configuration list for PBXLegacyTarget "flow" */ = {
			isa = XCConfigurationList;
			buildConfigurations = (
				E457C6991CEB9E0E00BFBE0D /* Debug */,
				E457C69A1CEB9E0E00BFBE0D /* Release */,
			);
			defaultConfigurationIsVisible = 0;
			defaultConfigurationName = Release;
		};
/* End XCConfigurationList section */
	};
	rootObject = E457C6841CEB9D6D00BFBE0D /* Project object */;
}
